
Microsoft Visual Studio Solution File, Format Version 12.00
# Visual Studio Version 17
VisualStudioVersion = 17.14.36121.58
MinimumVisualStudioVersion = 10.0.40219.1
Project("{FAE04EC0-301F-11D3-BF4B-00C04F79EFBC}") = "Journal", "src\Journal\Journal.csproj", "{30ECE3DC-AC4E-2568-6B3B-B34165DB5A82}"
EndProject
Global
	GlobalSection(SolutionConfigurationPlatforms) = preSolution
		Debug|Any CPU = Debug|Any CPU
		Release|Any CPU = Release|Any CPU
	EndGlobalSection
	GlobalSection(ProjectConfigurationPlatforms) = postSolution
		{30ECE3DC-AC4E-2568-6B3B-B34165DB5A82}.Debug|Any CPU.ActiveCfg = Debug|Any CPU
		{30ECE3DC-AC4E-2568-6B3B-B34165DB5A82}.Debug|Any CPU.Build.0 = Debug|Any CPU
		{30ECE3DC-AC4E-2568-6B3B-B34165DB5A82}.Release|Any CPU.ActiveCfg = Release|Any CPU
		{30ECE3DC-AC4E-2568-6B3B-B34165DB5A82}.Release|Any CPU.Build.0 = Release|Any CPU
	EndGlobalSection
	GlobalSection(SolutionProperties) = preSolution
		HideSolutionNode = FALSE
	EndGlobalSection
	GlobalSection(ExtensibilityGlobals) = postSolution
		SolutionGuid = {1080B548-6EF5-4FC2-8421-BF93DDEF052D}
	EndGlobalSection
EndGlobal
